github.com/binance-exchange/go-binance v0.0.0-20180518133450-1af034307da5 h1:RO2SWOlaq953572QcOK9eEoBS6wwlwpCU868R+1aepE=
github.com/binance-exchange/go-binance v0.0.0-20180518133450-1af034307da5/go.mod h1:X/wNIW0gOMp70AU0sm/toBDeo/a7Q/lpkmYE/xGubes=
github.com/go-kit/kit v0.9.0 h1:wDJmvq38kDhkVxi50ni9ykkdUr1PKgqKOoi01fa0Mdk=
github.com/go-kit/kit v0.9.0/go.mod h1:xBxKIO96dXMWWy0MnWVtmwkA9/13aqxPnvrjFYMA2as=
github.com/go-logfmt/logfmt v0.5.0 h1:TrB8swr/68K7m9CcGut2g3UOihhbcbiMAYiuTXdEih4=
github.com/go-logfmt/logfmt v0.5.0/go.mod h1:wCYkCAKZfumFQihp8CzCvQ3paCTfi41vtzG1KdI/P7A=
github.com/gorilla/websocket v1.4.1 h1:q7AeDBpnBk8AogcD4DSag/Ukw/KV+YhzLj2bP5HvKCM=
github.com/gorilla/websocket v1.4.1/go.mod h1:YR8l580nyteQvAITg2hZ9XVh4b55+EU/adAjf1fMHhE=
github.com/pdepip/go-binance v0.0.0-20180827005559-4a16ae06ef74 h1:RfbUxNSfmxzQx1mOGOeb2YDRkhHIvUiCI986Qn8aI50=
github.com/pdepip/go-binance v0.0.0-20180827005559-4a16ae06ef74/go.mod h1:CTlopafeP8CmHECw3scRjIukGWNyKfvY+/I5sOHq+6Q=
github.com/pkg/errors v0.9.1 h1:FEBLx1zS214owpjy7qsBeixbURkuhQAwrK5UwLGTwt4=
github.com/pkg/errors v0.9.1/go.mod h1:bwawxfHBFNV+L2hUp1rHADufV3IMtnDRdf1r5NINEl0=
github.com/sacOO7/go-logger v0.0.0-20180719173527-9ac9add5a50d h1:5T+fbRuQbpi+WZtB2yfuu59r00F6T2HV/zGYrwX8nvE=
github.com/sacOO7/go-logger v0.0.0-20180719173527-9ac9add5a50d/go.mod h1:L5EJe2k8GwpBoGXDRLAEs58R239jpZuE7NNEtW+T7oo=
github.com/sacOO7/gowebsocket v0.0.0-20180719182212-1436bb906a4e h1:yG1sLAkFltiFiwIpKdiA2CVIPxRL4P9OywNnfq45ivg=
github.com/sacOO7/gowebsocket v0.0.0-20180719182212-1436bb906a4e/go.mod h1:4a2a9BlxB807BaME8FJzQRLrZwYKj0cWjon25PlIssM=
